
Microsoft Visual Studio Solution File, Format Version 12.00
# Visual Studio Version 17
VisualStudioVersion = 17.14.36429.23 d17.14
MinimumVisualStudioVersion = 10.0.40219.1
Project("{FAE04EC0-301F-11D3-BF4B-00C04F79EFBC}") = "HanoiLib", "HanoiLib\HanoiLib.csproj", "{B2C51056-DF27-43E3-AB24-69C97159300E}"
EndProject
Project("{FAE04EC0-301F-11D3-BF4B-00C04F79EFBC}") = "HanoiCli", "HanoiCli\HanoiCli.csproj", "{1B8A076D-7FC8-4BEB-9E35-607CB392E81F}"
EndProject
Project("{FAE04EC0-301F-11D3-BF4B-00C04F79EFBC}") = "HanoiTest", "HanoiTest\HanoiTest.csproj", "{AD72B5D4-E8C9-4DF4-8173-95461BD64B7A}"
EndProject
Global
	GlobalSection(SolutionConfigurationPlatforms) = preSolution
		Debug|Any CPU = Debug|Any CPU
		Release|Any CPU = Release|Any CPU
	EndGlobalSection
	GlobalSection(ProjectConfigurationPlatforms) = postSolution
		{B2C51056-DF27-43E3-AB24-69C97159300E}.Debug|Any CPU.ActiveCfg = Debug|Any CPU
		{B2C51056-DF27-43E3-AB24-69C97159300E}.Debug|Any CPU.Build.0 = Debug|Any CPU
		{B2C51056-DF27-43E3-AB24-69C97159300E}.Release|Any CPU.ActiveCfg = Release|Any CPU
		{B2C51056-DF27-43E3-AB24-69C97159300E}.Release|Any CPU.Build.0 = Release|Any CPU
		{1B8A076D-7FC8-4BEB-9E35-607CB392E81F}.Debug|Any CPU.ActiveCfg = Debug|Any CPU
		{1B8A076D-7FC8-4BEB-9E35-607CB392E81F}.Debug|Any CPU.Build.0 = Debug|Any CPU
		{1B8A076D-7FC8-4BEB-9E35-607CB392E81F}.Release|Any CPU.ActiveCfg = Release|Any CPU
		{1B8A076D-7FC8-4BEB-9E35-607CB392E81F}.Release|Any CPU.Build.0 = Release|Any CPU
		{AD72B5D4-E8C9-4DF4-8173-95461BD64B7A}.Debug|Any CPU.ActiveCfg = Debug|Any CPU
		{AD72B5D4-E8C9-4DF4-8173-95461BD64B7A}.Debug|Any CPU.Build.0 = Debug|Any CPU
		{AD72B5D4-E8C9-4DF4-8173-95461BD64B7A}.Release|Any CPU.ActiveCfg = Release|Any CPU
		{AD72B5D4-E8C9-4DF4-8173-95461BD64B7A}.Release|Any CPU.Build.0 = Release|Any CPU
	EndGlobalSection
	GlobalSection(SolutionProperties) = preSolution
		HideSolutionNode = FALSE
	EndGlobalSection
	GlobalSection(ExtensibilityGlobals) = postSolution
		SolutionGuid = {4ED5023E-CE3B-46FF-A59C-ADD77E5C4142}
	EndGlobalSection
EndGlobal
